
Microsoft Visual Studio Solution File, Format Version 12.00
# Visual Studio Version 17
VisualStudioVersion = 17.12.35514.174 d17.12
MinimumVisualStudioVersion = 10.0.40219.1
Project("{2150E333-8FDC-42A3-9474-1A3956D46DE8}") = "Tests", "Tests", "{6582BA81-A5B8-4FCE-ABEC-82D7A2C5012C}"
EndProject
Project("{FAE04EC0-301F-11D3-BF4B-00C04F79EFBC}") = "CalculatorApp.Tests", "CalculatorApp.Tests\CalculatorApp.Tests.csproj", "{5015D2C4-17D8-46A6-8D06-9F6087EB2443}"
EndProject
Project("{2150E333-8FDC-42A3-9474-1A3956D46DE8}") = "Source", "Source", "{58EA942F-0D20-430F-9D24-DBF9736FA0DB}"
EndProject
Project("{FAE04EC0-301F-11D3-BF4B-00C04F79EFBC}") = "CalculatorApp.Source", "CalculatorApp.Source\CalculatorApp.Source.csproj", "{97E68289-7FA3-4BC7-9D67-31CBF4CC45B2}"
EndProject
Project("{2150E333-8FDC-42A3-9474-1A3956D46DE8}") = "ConsoleApp", "ConsoleApp", "{EA8EF95E-8086-4D15-8A12-CD5AC68E974E}"
EndProject
Project("{FAE04EC0-301F-11D3-BF4B-00C04F79EFBC}") = "Calculator.ConsoleApp", "Calculator.ConsoleApp\Calculator.ConsoleApp.csproj", "{60C187B1-C070-47E6-AB72-21DD231729FE}"
EndProject
Global
	GlobalSection(SolutionConfigurationPlatforms) = preSolution
		Debug|Any CPU = Debug|Any CPU
		Release|Any CPU = Release|Any CPU
	EndGlobalSection
	GlobalSection(ProjectConfigurationPlatforms) = postSolution
		{5015D2C4-17D8-46A6-8D06-9F6087EB2443}.Debug|Any CPU.ActiveCfg = Debug|Any CPU
		{5015D2C4-17D8-46A6-8D06-9F6087EB2443}.Debug|Any CPU.Build.0 = Debug|Any CPU
		{5015D2C4-17D8-46A6-8D06-9F6087EB2443}.Release|Any CPU.ActiveCfg = Release|Any CPU
		{5015D2C4-17D8-46A6-8D06-9F6087EB2443}.Release|Any CPU.Build.0 = Release|Any CPU
		{97E68289-7FA3-4BC7-9D67-31CBF4CC45B2}.Debug|Any CPU.ActiveCfg = Debug|Any CPU
		{97E68289-7FA3-4BC7-9D67-31CBF4CC45B2}.Debug|Any CPU.Build.0 = Debug|Any CPU
		{97E68289-7FA3-4BC7-9D67-31CBF4CC45B2}.Release|Any CPU.ActiveCfg = Release|Any CPU
		{97E68289-7FA3-4BC7-9D67-31CBF4CC45B2}.Release|Any CPU.Build.0 = Release|Any CPU
		{60C187B1-C070-47E6-AB72-21DD231729FE}.Debug|Any CPU.ActiveCfg = Debug|Any CPU
		{60C187B1-C070-47E6-AB72-21DD231729FE}.Debug|Any CPU.Build.0 = Debug|Any CPU
		{60C187B1-C070-47E6-AB72-21DD231729FE}.Release|Any CPU.ActiveCfg = Release|Any CPU
		{60C187B1-C070-47E6-AB72-21DD231729FE}.Release|Any CPU.Build.0 = Release|Any CPU
	EndGlobalSection
	GlobalSection(SolutionProperties) = preSolution
		HideSolutionNode = FALSE
	EndGlobalSection
	GlobalSection(NestedProjects) = preSolution
		{5015D2C4-17D8-46A6-8D06-9F6087EB2443} = {6582BA81-A5B8-4FCE-ABEC-82D7A2C5012C}
		{97E68289-7FA3-4BC7-9D67-31CBF4CC45B2} = {58EA942F-0D20-430F-9D24-DBF9736FA0DB}
		{60C187B1-C070-47E6-AB72-21DD231729FE} = {EA8EF95E-8086-4D15-8A12-CD5AC68E974E}
	EndGlobalSection
EndGlobal
